{
  "version": 4,
  "terraform_version": "1.14.8",
  "serial": 595,
  "lineage": "c997929a-fcae-7926-6a8f-cc1794ee44b9",
  "outputs": {},
  "resources": [
    {
      "mode": "data",
      "type": "aws_caller_identity",
      "name": "current",
      "provider": "provider[\"registry.terraform.io/hashicorp/aws\"]",
      "instances": [
        {
          "schema_version": 0,
          "attributes": {
            "account_id": "067330477391",
            "arn": "arn:aws:iam::067330477391:root",
            "id": "067330477391",
            "user_id": "067330477391"
          },
          "sensitive_attributes": [],
          "identity_schema_version": 0
        }
      ]
    },
    {
      "module": "module.bronze_bucket",
      "mode": "managed",
      "type": "aws_s3_bucket",
      "name": "this",
      "provider": "provider[\"registry.terraform.io/hashicorp/aws\"]",
      "instances": [
        {
          "schema_version": 0,
          "attributes": {
            "acceleration_status": "",
            "acl": null,
            "arn": "arn:aws:s3:::jepm-logicdata-dev-bronze-067330477391",
            "bucket": "jepm-logicdata-dev-bronze-067330477391",
            "bucket_domain_name": "jepm-logicdata-dev-bronze-067330477391.s3.amazonaws.com",
            "bucket_namespace": "global",
            "bucket_prefix": "",
            "bucket_region": "us-east-1",
            "bucket_regional_domain_name": "jepm-logicdata-dev-bronze-067330477391.s3.us-east-1.amazonaws.com",
            "cors_rule": [],
            "force_destroy": false,
            "grant": [
              {
                "id": "99ee9eec23dde632514d5753ce79e11fe66d1faaa95f40971c1a7fa4e231af97",
                "permissions": [
                  "FULL_CONTROL"
                ],
                "type": "CanonicalUser",
                "uri": ""
              }
            ],
            "hosted_zone_id": "Z3AQBSTGFYJSTF",
            "id": "jepm-logicdata-dev-bronze-067330477391",
            "lifecycle_rule": [],
            "logging": [],
            "object_lock_configuration": [],
            "object_lock_enabled": false,
            "policy": "",
            "region": "us-east-1",
            "replication_configuration": [],
            "request_payer": "BucketOwner",
            "server_side_encryption_configuration": [
              {
                "rule": [
                  {
                    "apply_server_side_encryption_by_default": [
                      {
                        "kms_master_key_id": "",
                        "sse_algorithm": "AES256"
                      }
                    ],
                    "bucket_key_enabled": false
                  }
                ]
              }
            ],
            "tags": {
              "Env": "dev",
              "Owner": "jepm",
              "Project": "jepm-logicdata"
            },
            "tags_all": {
              "Env": "dev",
              "Owner": "jepm",
              "Project": "jepm-logicdata"
            },
            "timeouts": null,
            "versioning": [
              {
                "enabled": false,
                "mfa_delete": false
              }
            ],
            "website": [],
            "website_domain": null,
            "website_endpoint": null
          },
          "sensitive_attributes": [],
          "identity_schema_version": 0,
          "identity": {
            "account_id": "067330477391",
            "bucket": "jepm-logicdata-dev-bronze-067330477391",
            "region": "us-east-1"
          },
          "private": "eyJlMmJmYjczMC1lY2FhLTExZTYtOGY4OC0zNDM2M2JjN2M0YzAiOnsiY3JlYXRlIjoxMjAwMDAwMDAwMDAwLCJkZWxldGUiOjM2MDAwMDAwMDAwMDAsInJlYWQiOjEyMDAwMDAwMDAwMDAsInVwZGF0ZSI6MTIwMDAwMDAwMDAwMH19",
          "dependencies": [
            "data.aws_caller_identity.current"
          ]
        }
      ]
    },
    {
      "module": "module.bronze_bucket",
      "mode": "managed",
      "type": "aws_s3_bucket_server_side_encryption_configuration",
      "name": "encryption",
      "provider": "provider[\"registry.terraform.io/hashicorp/aws\"]",
      "instances": [
        {
          "schema_version": 0,
          "attributes": {
            "bucket": "jepm-logicdata-dev-bronze-067330477391",
            "expected_bucket_owner": "",
            "id": "jepm-logicdata-dev-bronze-067330477391",
            "region": "us-east-1",
            "rule": [
              {
                "apply_server_side_encryption_by_default": [
                  {
                    "kms_master_key_id": "",
                    "sse_algorithm": "AES256"
                  }
                ],
                "blocked_encryption_types": [
                  "SSE-C"
                ],
                "bucket_key_enabled": false
              }
            ]
          },
          "sensitive_attributes": [],
          "identity_schema_version": 1,
          "identity": {
            "account_id": "067330477391",
            "bucket": "jepm-logicdata-dev-bronze-067330477391",
            "region": "us-east-1"
          },
          "private": "bnVsbA==",
          "dependencies": [
            "data.aws_caller_identity.current",
            "module.bronze_bucket.aws_s3_bucket.this"
          ]
        }
      ]
    },
    {
      "module": "module.glue_job",
      "mode": "managed",
      "type": "aws_glue_job",
      "name": "catalogo_etl_broze_silver",
      "provider": "provider[\"registry.terraform.io/hashicorp/aws\"]",
      "instances": [
        {
          "schema_version": 0,
          "attributes": {
            "arn": "arn:aws:glue:us-east-1:067330477391:job/jepm-logicdata-dev-catalogo-etl-broze-silver",
            "command": [
              {
                "name": "glueetl",
                "python_version": "3",
                "runtime": "",
                "script_location": "s3://jepm-logicdata-dev-bronze-067330477391/scripts/catalogo_bronze_to_silver.py"
              }
            ],
            "connections": [],
            "default_arguments": {
              "--TempDir": "s3://jepm-logicdata-dev-bronze-067330477391/temp/",
              "--additional-python-modules": "great_expectations==0.17.23,typing_extensions\u003e=4.5.0",
              "--datalake-formats": "delta",
              "--enable-continuous-cloudwatch-log": "true",
              "--enable-metrics": "true",
              "--extra-py-files": "s3://jepm-logicdata-dev-bronze-067330477391/temp/",
              "--gold_path": "s3://jepm-logicdata-dev-gold-067330477391/",
              "--input_path": "s3://jepm-logicdata-dev-bronze-067330477391/",
              "--output_path": "s3://jepm-logicdata-dev-silver-067330477391/",
              "--quarantine_path": "s3://jepm-logicdata-dev-quarantine-067330477391/",
              "--silver_path": "s3://jepm-logicdata-dev-silver-067330477391/"
            },
            "description": "",
            "execution_class": "",
            "execution_property": [
              {
                "max_concurrent_runs": 1
              }
            ],
            "glue_version": "5.0",
            "id": "jepm-logicdata-dev-catalogo-etl-broze-silver",
            "job_mode": "SCRIPT",
            "job_run_queuing_enabled": false,
            "maintenance_window": "",
            "max_capacity": 2,
            "max_retries": 0,
            "name": "jepm-logicdata-dev-catalogo-etl-broze-silver",
            "non_overridable_arguments": {},
            "notification_property": [],
            "number_of_workers": 2,
            "region": "us-east-1",
            "role_arn": "arn:aws:iam::067330477391:role/jepm-logicdata-dev-glue-role",
            "security_configuration": "",
            "source_control_details": [],
            "tags": {
              "Env": "dev",
              "Owner": "jepm",
              "Project": "jepm-logicdata"
            },
            "tags_all": {
              "Env": "dev",
              "Owner": "jepm",
              "Project": "jepm-logicdata"
            },
            "timeout": 10,
            "worker_type": "G.1X"
          },
          "sensitive_attributes": [],
          "identity_schema_version": 0,
          "identity": {
            "account_id": "067330477391",
            "name": "jepm-logicdata-dev-catalogo-etl-broze-silver",
            "region": "us-east-1"
          },
          "private": "bnVsbA==",
          "dependencies": [
            "data.aws_caller_identity.current",
            "module.bronze_bucket.aws_s3_bucket.this",
            "module.gold_bucket.aws_s3_bucket.this",
            "module.iam.aws_iam_role.glue_role",
            "module.quarantine_bucket.aws_s3_bucket.this",
            "module.silver_bucket.aws_s3_bucket.this"
          ]
        }
      ]
    },
    {
      "module": "module.glue_job",
      "mode": "managed",
      "type": "aws_glue_job",
      "name": "etl_silver_gold",
      "provider": "provider[\"registry.terraform.io/hashicorp/aws\"]",
      "instances": [
        {
          "schema_version": 0,
          "attributes": {
            "arn": "arn:aws:glue:us-east-1:067330477391:job/jepm-logicdata-dev-etl-silver-gold",
            "command": [
              {
                "name": "glueetl",
                "python_version": "3",
                "runtime": "",
                "script_location": "s3://jepm-logicdata-dev-silver-067330477391/scripts/silver_to_gold.py"
              }
            ],
            "connections": null,
            "default_arguments": {
              "--TempDir": "s3://jepm-logicdata-dev-bronze-067330477391/temp/",
              "--datalake-formats": "delta",
              "--enable-continuous-cloudwatch-log": "true",
              "--enable-metrics": "true",
              "--extra-py-files": "s3://jepm-logicdata-dev-bronze-067330477391/temp/",
              "--gold_path": "s3://jepm-logicdata-dev-gold-067330477391/",
              "--input_path": "s3://jepm-logicdata-dev-bronze-067330477391/",
              "--output_path": "s3://jepm-logicdata-dev-silver-067330477391/",
              "--quarantine_path": "s3://jepm-logicdata-dev-quarantine-067330477391/",
              "--silver_path": "s3://jepm-logicdata-dev-silver-067330477391/"
            },
            "description": "",
            "execution_class": "",
            "execution_property": [
              {
                "max_concurrent_runs": 1
              }
            ],
            "glue_version": "5.0",
            "id": "jepm-logicdata-dev-etl-silver-gold",
            "job_mode": "SCRIPT",
            "job_run_queuing_enabled": false,
            "maintenance_window": "",
            "max_capacity": 2,
            "max_retries": 0,
            "name": "jepm-logicdata-dev-etl-silver-gold",
            "non_overridable_arguments": null,
            "notification_property": [],
            "number_of_workers": 2,
            "region": "us-east-1",
            "role_arn": "arn:aws:iam::067330477391:role/jepm-logicdata-dev-glue-role",
            "security_configuration": "",
            "source_control_details": [],
            "tags": {
              "Env": "dev",
              "Owner": "jepm",
              "Project": "jepm-logicdata"
            },
            "tags_all": {
              "Env": "dev",
              "Owner": "jepm",
              "Project": "jepm-logicdata"
            },
            "timeout": 10,
            "worker_type": "G.1X"
          },
          "sensitive_attributes": [],
          "identity_schema_version": 0,
          "identity": {
            "account_id": "067330477391",
            "name": "jepm-logicdata-dev-etl-silver-gold",
            "region": "us-east-1"
          },
          "private": "bnVsbA==",
          "dependencies": [
            "data.aws_caller_identity.current",
            "module.bronze_bucket.aws_s3_bucket.this",
            "module.gold_bucket.aws_s3_bucket.this",
            "module.iam.aws_iam_role.glue_role",
            "module.quarantine_bucket.aws_s3_bucket.this",
            "module.silver_bucket.aws_s3_bucket.this"
          ]
        }
      ]
    },
    {
      "module": "module.glue_job2",
      "mode": "managed",
      "type": "aws_glue_job",
      "name": "catalogo_etl",
      "provider": "provider[\"registry.terraform.io/hashicorp/aws\"]",
      "instances": [
        {
          "schema_version": 0,
          "attributes": {
            "arn": "arn:aws:glue:us-east-1:067330477391:job/jepm-logicdata-dev-catalogo-etl",
            "command": [
              {
                "name": "glueetl",
                "python_version": "3",
                "runtime": "",
                "script_location": "s3://jepm-logicdata-dev-bronze-067330477391/scripts/catalogo_bronze_to_silver.py"
              }
            ],
            "connections": [],
            "default_arguments": {
              "--TempDir": "s3://jepm-logicdata-dev-bronze-067330477391/temp/",
              "--input_path": "s3://jepm-logicdata-dev-bronze-067330477391/",
              "--output_path": "s3://jepm-logicdata-dev-silver-067330477391/"
            },
            "description": "",
            "execution_class": "",
            "execution_property": [
              {
                "max_concurrent_runs": 1
              }
            ],
            "glue_version": "5.0",
            "id": "jepm-logicdata-dev-catalogo-etl",
            "job_mode": "SCRIPT",
            "job_run_queuing_enabled": false,
            "maintenance_window": "",
            "max_capacity": 2,
            "max_retries": 0,
            "name": "jepm-logicdata-dev-catalogo-etl",
            "non_overridable_arguments": {},
            "notification_property": [],
            "number_of_workers": 2,
            "region": "us-east-1",
            "role_arn": "arn:aws:iam::067330477391:role/jepm-logicdata-dev-glue-role",
            "security_configuration": "",
            "source_control_details": [],
            "tags": {
              "Env": "dev",
              "Owner": "jepm",
              "Project": "jepm-logicdata"
            },
            "tags_all": {
              "Env": "dev",
              "Owner": "jepm",
              "Project": "jepm-logicdata"
            },
            "timeout": 10,
            "worker_type": "G.1X"
          },
          "sensitive_attributes": [],
          "identity_schema_version": 0,
          "identity": {
            "account_id": "067330477391",
            "name": "jepm-logicdata-dev-catalogo-etl",
            "region": "us-east-1"
          },
          "private": "bnVsbA==",
          "dependencies": [
            "data.aws_caller_identity.current",
            "module.bronze_bucket.aws_s3_bucket.this",
            "module.iam.aws_iam_role.glue_role",
            "module.silver_bucket.aws_s3_bucket.this"
          ]
        }
      ]
    },
    {
      "module": "module.glue_job3",
      "mode": "managed",
      "type": "aws_glue_job",
      "name": "catalogo_etl_broze_silver",
      "provider": "provider[\"registry.terraform.io/hashicorp/aws\"]",
      "instances": [
        {
          "schema_version": 0,
          "attributes": {
            "arn": "arn:aws:glue:us-east-1:067330477391:job/jepm-logicdata-dev-catalogo-etl-broze-silver",
            "command": [
              {
                "name": "glueetl",
                "python_version": "3",
                "runtime": "",
                "script_location": "s3://jepm-logicdata-dev-bronze-067330477391/scripts/catalogo_bronze_to_silver.py"
              }
            ],
            "connections": null,
            "default_arguments": {
              "--TempDir": "s3://jepm-logicdata-dev-bronze-067330477391/temp/",
              "--additional-python-modules": "great_expectations==0.17.23,typing_extensions\u003e=4.5.0",
              "--datalake-formats": "delta",
              "--enable-continuous-cloudwatch-log": "true",
              "--enable-metrics": "true",
              "--extra-py-files": "s3://jepm-logicdata-dev-bronze-067330477391/temp/",
              "--gold_path": "s3://jepm-logicdata-dev-gold-067330477391/",
              "--input_path": "s3://jepm-logicdata-dev-bronze-067330477391/",
              "--output_path": "s3://jepm-logicdata-dev-silver-067330477391/",
              "--quarantine_path": "s3://jepm-logicdata-dev-quarantine-067330477391/",
              "--silver_path": "s3://jepm-logicdata-dev-silver-067330477391/"
            },
            "description": "",
            "execution_class": "",
            "execution_property": [
              {
                "max_concurrent_runs": 1
              }
            ],
            "glue_version": "5.0",
            "id": "jepm-logicdata-dev-catalogo-etl-broze-silver",
            "job_mode": "SCRIPT",
            "job_run_queuing_enabled": false,
            "maintenance_window": "",
            "max_capacity": 2,
            "max_retries": 0,
            "name": "jepm-logicdata-dev-catalogo-etl-broze-silver",
            "non_overridable_arguments": null,
            "notification_property": [],
            "number_of_workers": 2,
            "region": "us-east-1",
            "role_arn": "arn:aws:iam::067330477391:role/jepm-logicdata-dev-glue-role",
            "security_configuration": "",
            "source_control_details": [],
            "tags": {
              "Env": "dev",
              "Owner": "jepm",
              "Project": "jepm-logicdata"
            },
            "tags_all": {
              "Env": "dev",
              "Owner": "jepm",
              "Project": "jepm-logicdata"
            },
            "timeout": 10,
            "worker_type": "G.1X"
          },
          "sensitive_attributes": [],
          "identity_schema_version": 0,
          "identity": {
            "account_id": "067330477391",
            "name": "jepm-logicdata-dev-catalogo-etl-broze-silver",
            "region": "us-east-1"
          },
          "private": "bnVsbA==",
          "dependencies": [
            "data.aws_caller_identity.current",
            "module.bronze_bucket.aws_s3_bucket.this",
            "module.gold_bucket.aws_s3_bucket.this",
            "module.iam.aws_iam_role.glue_role",
            "module.quarantine_bucket.aws_s3_bucket.this",
            "module.silver_bucket.aws_s3_bucket.this"
          ]
        }
      ]
    },
    {
      "module": "module.gold_bucket",
      "mode": "managed",
      "type": "aws_s3_bucket",
      "name": "this",
      "provider": "provider[\"registry.terraform.io/hashicorp/aws\"]",
      "instances": [
        {
          "schema_version": 0,
          "attributes": {
            "acceleration_status": "",
            "acl": null,
            "arn": "arn:aws:s3:::jepm-logicdata-dev-gold-067330477391",
            "bucket": "jepm-logicdata-dev-gold-067330477391",
            "bucket_domain_name": "jepm-logicdata-dev-gold-067330477391.s3.amazonaws.com",
            "bucket_namespace": "global",
            "bucket_prefix": "",
            "bucket_region": "us-east-1",
            "bucket_regional_domain_name": "jepm-logicdata-dev-gold-067330477391.s3.us-east-1.amazonaws.com",
            "cors_rule": [],
            "force_destroy": false,
            "grant": [
              {
                "id": "99ee9eec23dde632514d5753ce79e11fe66d1faaa95f40971c1a7fa4e231af97",
                "permissions": [
                  "FULL_CONTROL"
                ],
                "type": "CanonicalUser",
                "uri": ""
              }
            ],
            "hosted_zone_id": "Z3AQBSTGFYJSTF",
            "id": "jepm-logicdata-dev-gold-067330477391",
            "lifecycle_rule": [],
            "logging": [],
            "object_lock_configuration": [],
            "object_lock_enabled": false,
            "policy": "",
            "region": "us-east-1",
            "replication_configuration": [],
            "request_payer": "BucketOwner",
            "server_side_encryption_configuration": [
              {
                "rule": [
                  {
                    "apply_server_side_encryption_by_default": [
                      {
                        "kms_master_key_id": "",
                        "sse_algorithm": "AES256"
                      }
                    ],
                    "bucket_key_enabled": false
                  }
                ]
              }
            ],
            "tags": {
              "Env": "dev",
              "Owner": "jepm",
              "Project": "jepm-logicdata"
            },
            "tags_all": {
              "Env": "dev",
              "Owner": "jepm",
              "Project": "jepm-logicdata"
            },
            "timeouts": null,
            "versioning": [
              {
                "enabled": false,
                "mfa_delete": false
              }
            ],
            "website": [],
            "website_domain": null,
            "website_endpoint": null
          },
          "sensitive_attributes": [],
          "identity_schema_version": 0,
          "identity": {
            "account_id": "067330477391",
            "bucket": "jepm-logicdata-dev-gold-067330477391",
            "region": "us-east-1"
          },
          "private": "eyJlMmJmYjczMC1lY2FhLTExZTYtOGY4OC0zNDM2M2JjN2M0YzAiOnsiY3JlYXRlIjoxMjAwMDAwMDAwMDAwLCJkZWxldGUiOjM2MDAwMDAwMDAwMDAsInJlYWQiOjEyMDAwMDAwMDAwMDAsInVwZGF0ZSI6MTIwMDAwMDAwMDAwMH19",
          "dependencies": [
            "data.aws_caller_identity.current"
          ]
        }
      ]
    },
    {
      "module": "module.gold_bucket",
      "mode": "managed",
      "type": "aws_s3_bucket_server_side_encryption_configuration",
      "name": "encryption",
      "provider": "provider[\"registry.terraform.io/hashicorp/aws\"]",
      "instances": [
        {
          "schema_version": 0,
          "attributes": {
            "bucket": "jepm-logicdata-dev-gold-067330477391",
            "expected_bucket_owner": "",
            "id": "jepm-logicdata-dev-gold-067330477391",
            "region": "us-east-1",
            "rule": [
              {
                "apply_server_side_encryption_by_default": [
                  {
                    "kms_master_key_id": "",
                    "sse_algorithm": "AES256"
                  }
                ],
                "blocked_encryption_types": [
                  "SSE-C"
                ],
                "bucket_key_enabled": false
              }
            ]
          },
          "sensitive_attributes": [],
          "identity_schema_version": 1,
          "identity": {
            "account_id": "067330477391",
            "bucket": "jepm-logicdata-dev-gold-067330477391",
            "region": "us-east-1"
          },
          "private": "bnVsbA==",
          "dependencies": [
            "data.aws_caller_identity.current",
            "module.gold_bucket.aws_s3_bucket.this"
          ]
        }
      ]
    },
    {
      "module": "module.iam",
      "mode": "managed",
      "type": "aws_iam_policy",
      "name": "glue_s3_policy",
      "provider": "provider[\"registry.terraform.io/hashicorp/aws\"]",
      "instances": [
        {
          "schema_version": 0,
          "attributes": {
            "arn": "arn:aws:iam::067330477391:policy/jepm-logicdata-dev-glue-s3-policy",
            "attachment_count": 1,
            "delay_after_policy_creation_in_ms": null,
            "description": "",
            "id": "arn:aws:iam::067330477391:policy/jepm-logicdata-dev-glue-s3-policy",
            "name": "jepm-logicdata-dev-glue-s3-policy",
            "name_prefix": "",
            "path": "/",
            "policy": "{\"Statement\":[{\"Action\":[\"s3:GetObject\",\"s3:ListBucket\"],\"Effect\":\"Allow\",\"Resource\":[\"arn:aws:s3:::jepm-logicdata-dev-bronze-067330477391\",\"arn:aws:s3:::jepm-logicdata-dev-bronze-067330477391/*\",\"arn:aws:s3:::jepm-logicdata-dev-quarantine-067330477391\",\"arn:aws:s3:::jepm-logicdata-dev-quarantine-067330477391/*\",\"arn:aws:s3:::jepm-logicdata-dev-silver-067330477391/*\",\"arn:aws:s3:::jepm-logicdata-dev-gold-067330477391/*\"]},{\"Action\":[\"s3:PutObject\"],\"Effect\":\"Allow\",\"Resource\":[\"arn:aws:s3:::jepm-logicdata-dev-gold-067330477391/*\",\"arn:aws:s3:::jepm-logicdata-dev-silver-067330477391/*\",\"arn:aws:s3:::jepm-logicdata-dev-quarantine-067330477391/*\"]},{\"Action\":[\"s3:GetObject\",\"s3:PutObject\"],\"Effect\":\"Allow\",\"Resource\":[\"arn:aws:s3:::jepm-logicdata-dev-bronze-067330477391/*\"]}],\"Version\":\"2012-10-17\"}",
            "policy_id": "ANPAQ7LJVRVHQ3H3F2ZMM",
            "tags": {},
            "tags_all": {}
          },
          "sensitive_attributes": [],
          "identity_schema_version": 0,
          "identity": {
            "arn": "arn:aws:iam::067330477391:policy/jepm-logicdata-dev-glue-s3-policy"
          },
          "private": "bnVsbA==",
          "dependencies": [
            "data.aws_caller_identity.current",
            "module.bronze_bucket.aws_s3_bucket.this",
            "module.gold_bucket.aws_s3_bucket.this",
            "module.quarantine_bucket.aws_s3_bucket.this",
            "module.silver_bucket.aws_s3_bucket.this"
          ]
        }
      ]
    },
    {
      "module": "module.iam",
      "mode": "managed",
      "type": "aws_iam_role",
      "name": "glue_role",
      "provider": "provider[\"registry.terraform.io/hashicorp/aws\"]",
      "instances": [
        {
          "schema_version": 0,
          "attributes": {
            "arn": "arn:aws:iam::067330477391:role/jepm-logicdata-dev-glue-role",
            "assume_role_policy": "{\"Statement\":[{\"Action\":\"sts:AssumeRole\",\"Effect\":\"Allow\",\"Principal\":{\"Service\":\"glue.amazonaws.com\"}}],\"Version\":\"2012-10-17\"}",
            "create_date": "2026-04-21T05:49:43Z",
            "description": "",
            "force_detach_policies": false,
            "id": "jepm-logicdata-dev-glue-role",
            "inline_policy": [],
            "managed_policy_arns": [
              "arn:aws:iam::067330477391:policy/jepm-logicdata-dev-glue-s3-policy",
              "arn:aws:iam::aws:policy/service-role/AWSGlueServiceRole"
            ],
            "max_session_duration": 3600,
            "name": "jepm-logicdata-dev-glue-role",
            "name_prefix": "",
            "path": "/",
            "permissions_boundary": "",
            "tags": {},
            "tags_all": {},
            "unique_id": "AROAQ7LJVRVHSJRDEZYU7"
          },
          "sensitive_attributes": [],
          "identity_schema_version": 0,
          "identity": {
            "account_id": "067330477391",
            "name": "jepm-logicdata-dev-glue-role"
          },
          "private": "bnVsbA=="
        }
      ]
    },
    {
      "module": "module.iam",
      "mode": "managed",
      "type": "aws_iam_role_policy_attachment",
      "name": "glue_s3_attach",
      "provider": "provider[\"registry.terraform.io/hashicorp/aws\"]",
      "instances": [
        {
          "schema_version": 0,
          "attributes": {
            "id": "jepm-logicdata-dev-glue-role/arn:aws:iam::067330477391:policy/jepm-logicdata-dev-glue-s3-policy",
            "policy_arn": "arn:aws:iam::067330477391:policy/jepm-logicdata-dev-glue-s3-policy",
            "role": "jepm-logicdata-dev-glue-role"
          },
          "sensitive_attributes": [],
          "identity_schema_version": 0,
          "identity": {
            "account_id": "067330477391",
            "policy_arn": "arn:aws:iam::067330477391:policy/jepm-logicdata-dev-glue-s3-policy",
            "role": "jepm-logicdata-dev-glue-role"
          },
          "private": "bnVsbA==",
          "dependencies": [
            "data.aws_caller_identity.current",
            "module.bronze_bucket.aws_s3_bucket.this",
            "module.gold_bucket.aws_s3_bucket.this",
            "module.iam.aws_iam_policy.glue_s3_policy",
            "module.iam.aws_iam_role.glue_role",
            "module.quarantine_bucket.aws_s3_bucket.this",
            "module.silver_bucket.aws_s3_bucket.this"
          ]
        }
      ]
    },
    {
      "module": "module.iam",
      "mode": "managed",
      "type": "aws_iam_role_policy_attachment",
      "name": "glue_service_role",
      "provider": "provider[\"registry.terraform.io/hashicorp/aws\"]",
      "instances": [
        {
          "schema_version": 0,
          "attributes": {
            "id": "jepm-logicdata-dev-glue-role/arn:aws:iam::aws:policy/service-role/AWSGlueServiceRole",
            "policy_arn": "arn:aws:iam::aws:policy/service-role/AWSGlueServiceRole",
            "role": "jepm-logicdata-dev-glue-role"
          },
          "sensitive_attributes": [],
          "identity_schema_version": 0,
          "identity": {
            "account_id": "067330477391",
            "policy_arn": "arn:aws:iam::aws:policy/service-role/AWSGlueServiceRole",
            "role": "jepm-logicdata-dev-glue-role"
          },
          "private": "bnVsbA==",
          "dependencies": [
            "module.iam.aws_iam_role.glue_role"
          ]
        }
      ]
    },
    {
      "module": "module.quarantine_bucket",
      "mode": "managed",
      "type": "aws_s3_bucket",
      "name": "this",
      "provider": "provider[\"registry.terraform.io/hashicorp/aws\"]",
      "instances": [
        {
          "schema_version": 0,
          "attributes": {
            "acceleration_status": "",
            "acl": null,
            "arn": "arn:aws:s3:::jepm-logicdata-dev-quarantine-067330477391",
            "bucket": "jepm-logicdata-dev-quarantine-067330477391",
            "bucket_domain_name": "jepm-logicdata-dev-quarantine-067330477391.s3.amazonaws.com",
            "bucket_namespace": "global",
            "bucket_prefix": "",
            "bucket_region": "us-east-1",
            "bucket_regional_domain_name": "jepm-logicdata-dev-quarantine-067330477391.s3.us-east-1.amazonaws.com",
            "cors_rule": [],
            "force_destroy": false,
            "grant": [
              {
                "id": "99ee9eec23dde632514d5753ce79e11fe66d1faaa95f40971c1a7fa4e231af97",
                "permissions": [
                  "FULL_CONTROL"
                ],
                "type": "CanonicalUser",
                "uri": ""
              }
            ],
            "hosted_zone_id": "Z3AQBSTGFYJSTF",
            "id": "jepm-logicdata-dev-quarantine-067330477391",
            "lifecycle_rule": [],
            "logging": [],
            "object_lock_configuration": [],
            "object_lock_enabled": false,
            "policy": "",
            "region": "us-east-1",
            "replication_configuration": [],
            "request_payer": "BucketOwner",
            "server_side_encryption_configuration": [
              {
                "rule": [
                  {
                    "apply_server_side_encryption_by_default": [
                      {
                        "kms_master_key_id": "",
                        "sse_algorithm": "AES256"
                      }
                    ],
                    "bucket_key_enabled": false
                  }
                ]
              }
            ],
            "tags": {
              "Env": "dev",
              "Owner": "jepm",
              "Project": "jepm-logicdata"
            },
            "tags_all": {
              "Env": "dev",
              "Owner": "jepm",
              "Project": "jepm-logicdata"
            },
            "timeouts": null,
            "versioning": [
              {
                "enabled": false,
                "mfa_delete": false
              }
            ],
            "website": [],
            "website_domain": null,
            "website_endpoint": null
          },
          "sensitive_attributes": [],
          "identity_schema_version": 0,
          "identity": {
            "account_id": "067330477391",
            "bucket": "jepm-logicdata-dev-quarantine-067330477391",
            "region": "us-east-1"
          },
          "private": "eyJlMmJmYjczMC1lY2FhLTExZTYtOGY4OC0zNDM2M2JjN2M0YzAiOnsiY3JlYXRlIjoxMjAwMDAwMDAwMDAwLCJkZWxldGUiOjM2MDAwMDAwMDAwMDAsInJlYWQiOjEyMDAwMDAwMDAwMDAsInVwZGF0ZSI6MTIwMDAwMDAwMDAwMH19",
          "dependencies": [
            "data.aws_caller_identity.current"
          ]
        }
      ]
    },
    {
      "module": "module.quarantine_bucket",
      "mode": "managed",
      "type": "aws_s3_bucket_server_side_encryption_configuration",
      "name": "encryption",
      "provider": "provider[\"registry.terraform.io/hashicorp/aws\"]",
      "instances": [
        {
          "schema_version": 0,
          "attributes": {
            "bucket": "jepm-logicdata-dev-quarantine-067330477391",
            "expected_bucket_owner": "",
            "id": "jepm-logicdata-dev-quarantine-067330477391",
            "region": "us-east-1",
            "rule": [
              {
                "apply_server_side_encryption_by_default": [
                  {
                    "kms_master_key_id": "",
                    "sse_algorithm": "AES256"
                  }
                ],
                "blocked_encryption_types": [
                  "SSE-C"
                ],
                "bucket_key_enabled": false
              }
            ]
          },
          "sensitive_attributes": [],
          "identity_schema_version": 1,
          "identity": {
            "account_id": "067330477391",
            "bucket": "jepm-logicdata-dev-quarantine-067330477391",
            "region": "us-east-1"
          },
          "private": "bnVsbA==",
          "dependencies": [
            "data.aws_caller_identity.current",
            "module.quarantine_bucket.aws_s3_bucket.this"
          ]
        }
      ]
    },
    {
      "module": "module.silver_bucket",
      "mode": "managed",
      "type": "aws_s3_bucket",
      "name": "this",
      "provider": "provider[\"registry.terraform.io/hashicorp/aws\"]",
      "instances": [
        {
          "schema_version": 0,
          "attributes": {
            "acceleration_status": "",
            "acl": null,
            "arn": "arn:aws:s3:::jepm-logicdata-dev-silver-067330477391",
            "bucket": "jepm-logicdata-dev-silver-067330477391",
            "bucket_domain_name": "jepm-logicdata-dev-silver-067330477391.s3.amazonaws.com",
            "bucket_namespace": "global",
            "bucket_prefix": "",
            "bucket_region": "us-east-1",
            "bucket_regional_domain_name": "jepm-logicdata-dev-silver-067330477391.s3.us-east-1.amazonaws.com",
            "cors_rule": [],
            "force_destroy": false,
            "grant": [
              {
                "id": "99ee9eec23dde632514d5753ce79e11fe66d1faaa95f40971c1a7fa4e231af97",
                "permissions": [
                  "FULL_CONTROL"
                ],
                "type": "CanonicalUser",
                "uri": ""
              }
            ],
            "hosted_zone_id": "Z3AQBSTGFYJSTF",
            "id": "jepm-logicdata-dev-silver-067330477391",
            "lifecycle_rule": [],
            "logging": [],
            "object_lock_configuration": [],
            "object_lock_enabled": false,
            "policy": "",
            "region": "us-east-1",
            "replication_configuration": [],
            "request_payer": "BucketOwner",
            "server_side_encryption_configuration": [
              {
                "rule": [
                  {
                    "apply_server_side_encryption_by_default": [
                      {
                        "kms_master_key_id": "",
                        "sse_algorithm": "AES256"
                      }
                    ],
                    "bucket_key_enabled": false
                  }
                ]
              }
            ],
            "tags": {
              "Env": "dev",
              "Owner": "jepm",
              "Project": "jepm-logicdata"
            },
            "tags_all": {
              "Env": "dev",
              "Owner": "jepm",
              "Project": "jepm-logicdata"
            },
            "timeouts": null,
            "versioning": [
              {
                "enabled": false,
                "mfa_delete": false
              }
            ],
            "website": [],
            "website_domain": null,
            "website_endpoint": null
          },
          "sensitive_attributes": [],
          "identity_schema_version": 0,
          "identity": {
            "account_id": "067330477391",
            "bucket": "jepm-logicdata-dev-silver-067330477391",
            "region": "us-east-1"
          },
          "private": "eyJlMmJmYjczMC1lY2FhLTExZTYtOGY4OC0zNDM2M2JjN2M0YzAiOnsiY3JlYXRlIjoxMjAwMDAwMDAwMDAwLCJkZWxldGUiOjM2MDAwMDAwMDAwMDAsInJlYWQiOjEyMDAwMDAwMDAwMDAsInVwZGF0ZSI6MTIwMDAwMDAwMDAwMH19",
          "dependencies": [
            "data.aws_caller_identity.current"
          ]
        }
      ]
    },
    {
      "module": "module.silver_bucket",
      "mode": "managed",
      "type": "aws_s3_bucket_server_side_encryption_configuration",
      "name": "encryption",
      "provider": "provider[\"registry.terraform.io/hashicorp/aws\"]",
      "instances": [
        {
          "schema_version": 0,
          "attributes": {
            "bucket": "jepm-logicdata-dev-silver-067330477391",
            "expected_bucket_owner": "",
            "id": "jepm-logicdata-dev-silver-067330477391",
            "region": "us-east-1",
            "rule": [
              {
                "apply_server_side_encryption_by_default": [
                  {
                    "kms_master_key_id": "",
                    "sse_algorithm": "AES256"
                  }
                ],
                "blocked_encryption_types": [
                  "SSE-C"
                ],
                "bucket_key_enabled": false
              }
            ]
          },
          "sensitive_attributes": [],
          "identity_schema_version": 1,
          "identity": {
            "account_id": "067330477391",
            "bucket": "jepm-logicdata-dev-silver-067330477391",
            "region": "us-east-1"
          },
          "private": "bnVsbA==",
          "dependencies": [
            "data.aws_caller_identity.current",
            "module.silver_bucket.aws_s3_bucket.this"
          ]
        }
      ]
    }
  ],
  "check_results": null
}
