{
  "version": 4,
  "terraform_version": "1.14.7",
  "serial": 20,
  "lineage": "c997929a-fcae-7926-6a8f-cc1794ee44b9",
  "outputs": {
    "bronze_bucket_name": {
      "value": "jepm-logicdata-dev-bronze-067330477391",
      "type": "string"
    },
    "gold_bucket_name": {
      "value": "jepm-logicdata-dev-gold-067330477391",
      "type": "string"
    },
    "silver_bucket_name": {
      "value": "jepm-logicdata-dev-silver-067330477391",
      "type": "string"
    }
  },
  "resources": [
    {
      "mode": "data",
      "type": "aws_caller_identity",
      "name": "current",
      "provider": "provider[\"registry.terraform.io/hashicorp/aws\"]",
      "instances": [
        {
          "schema_version": 0,
          "attributes": {
            "account_id": "067330477391",
            "arn": "arn:aws:iam::067330477391:user/invitado",
            "id": "067330477391",
            "user_id": "067330477391"
          },
          "sensitive_attributes": [],
          "identity_schema_version": 0
        }
      ]
    },
    {
      "module": "module.bronze_bucket",
      "mode": "managed",
      "type": "aws_s3_bucket",
      "name": "this",
      "provider": "provider[\"registry.terraform.io/hashicorp/aws\"]",
      "instances": [
        {
          "schema_version": 0,
          "attributes": {
            "acceleration_status": "",
            "acl": null,
            "arn": "arn:aws:s3:::jepm-logicdata-dev-bronze-067330477391",
            "bucket": "jepm-logicdata-dev-bronze-067330477391",
            "bucket_domain_name": "jepm-logicdata-dev-bronze-067330477391.s3.amazonaws.com",
            "bucket_namespace": "global",
            "bucket_prefix": "",
            "bucket_region": "us-east-1",
            "bucket_regional_domain_name": "jepm-logicdata-dev-bronze-067330477391.s3.us-east-1.amazonaws.com",
            "cors_rule": [],
            "force_destroy": false,
            "grant": [
              {
                "id": "1e9ae229d3a9961f6eb426e3edea1c5d7fcf73dc8768ba1c341910ee97f0dbd6",
                "permissions": [
                  "FULL_CONTROL"
                ],
                "type": "CanonicalUser",
                "uri": ""
              }
            ],
            "hosted_zone_id": "Z3AQBSTGFYJSTF",
            "id": "jepm-logicdata-dev-bronze-067330477391",
            "lifecycle_rule": [],
            "logging": [],
            "object_lock_configuration": [],
            "object_lock_enabled": false,
            "policy": "",
            "region": "us-east-1",
            "replication_configuration": [],
            "request_payer": "BucketOwner",
            "server_side_encryption_configuration": [
              {
                "rule": [
                  {
                    "apply_server_side_encryption_by_default": [
                      {
                        "kms_master_key_id": "",
                        "sse_algorithm": "AES256"
                      }
                    ],
                    "bucket_key_enabled": false
                  }
                ]
              }
            ],
            "tags": {
              "Env": "dev",
              "Owner": "jepm",
              "Project": "jepm-logicdata"
            },
            "tags_all": {
              "Env": "dev",
              "Owner": "jepm",
              "Project": "jepm-logicdata"
            },
            "timeouts": null,
            "versioning": [
              {
                "enabled": false,
                "mfa_delete": false
              }
            ],
            "website": [],
            "website_domain": null,
            "website_endpoint": null
          },
          "sensitive_attributes": [],
          "identity_schema_version": 0,
          "identity": {
            "account_id": "067330477391",
            "bucket": "jepm-logicdata-dev-bronze-067330477391",
            "region": "us-east-1"
          },
          "private": "eyJlMmJmYjczMC1lY2FhLTExZTYtOGY4OC0zNDM2M2JjN2M0YzAiOnsiY3JlYXRlIjoxMjAwMDAwMDAwMDAwLCJkZWxldGUiOjM2MDAwMDAwMDAwMDAsInJlYWQiOjEyMDAwMDAwMDAwMDAsInVwZGF0ZSI6MTIwMDAwMDAwMDAwMH19",
          "dependencies": [
            "data.aws_caller_identity.current"
          ]
        }
      ]
    },
    {
      "module": "module.bronze_bucket",
      "mode": "managed",
      "type": "aws_s3_bucket_lifecycle_configuration",
      "name": "lifecycle",
      "provider": "provider[\"registry.terraform.io/hashicorp/aws\"]",
      "instances": [
        {
          "schema_version": 1,
          "attributes": {
            "bucket": "jepm-logicdata-dev-bronze-067330477391",
            "expected_bucket_owner": "",
            "id": "jepm-logicdata-dev-bronze-067330477391",
            "region": "us-east-1",
            "rule": [
              {
                "abort_incomplete_multipart_upload": [],
                "expiration": [],
                "filter": [],
                "id": "transition-old-data",
                "noncurrent_version_expiration": [],
                "noncurrent_version_transition": [],
                "prefix": "",
                "status": "Enabled",
                "transition": [
                  {
                    "date": null,
                    "days": 180,
                    "storage_class": "STANDARD_IA"
                  }
                ]
              }
            ],
            "timeouts": null,
            "transition_default_minimum_object_size": "all_storage_classes_128K"
          },
          "sensitive_attributes": [],
          "identity_schema_version": 0,
          "identity": {
            "account_id": "067330477391",
            "bucket": "jepm-logicdata-dev-bronze-067330477391",
            "region": "us-east-1"
          },
          "dependencies": [
            "data.aws_caller_identity.current",
            "module.bronze_bucket.aws_s3_bucket.this"
          ]
        }
      ]
    },
    {
      "module": "module.bronze_bucket",
      "mode": "managed",
      "type": "aws_s3_bucket_server_side_encryption_configuration",
      "name": "encryption",
      "provider": "provider[\"registry.terraform.io/hashicorp/aws\"]",
      "instances": [
        {
          "schema_version": 0,
          "attributes": {
            "bucket": "jepm-logicdata-dev-bronze-067330477391",
            "expected_bucket_owner": "",
            "id": "jepm-logicdata-dev-bronze-067330477391",
            "region": "us-east-1",
            "rule": [
              {
                "apply_server_side_encryption_by_default": [
                  {
                    "kms_master_key_id": "",
                    "sse_algorithm": "AES256"
                  }
                ],
                "blocked_encryption_types": [],
                "bucket_key_enabled": null
              }
            ]
          },
          "sensitive_attributes": [],
          "identity_schema_version": 1,
          "identity": {
            "account_id": "067330477391",
            "bucket": "jepm-logicdata-dev-bronze-067330477391",
            "region": "us-east-1"
          },
          "private": "bnVsbA==",
          "dependencies": [
            "data.aws_caller_identity.current",
            "module.bronze_bucket.aws_s3_bucket.this"
          ]
        }
      ]
    }
  ],
  "check_results": null
}
